
Microsoft Visual Studio Solution File, Format Version 12.00
# Visual Studio Version 16
VisualStudioVersion = 16.0.31205.134
MinimumVisualStudioVersion = 10.0.40219.1
Project("{8BC9CEB8-8B4A-11D0-8D11-00A0C91BC942}") = "TexRPLib", "TexRPLib\TexRPLib.vcxproj", "{BC7B19D1-85C9-46C0-B866-6CEDEB518E09}"
EndProject
Project("{8BC9CEB8-8B4A-11D0-8D11-00A0C91BC942}") = "TextureRepackCli", "TextureRepackCli\TextureRepackCli.vcxproj", "{FC2F33DC-310D-4BDC-A5A5-B6C97EA04F8F}"
	ProjectSection(ProjectDependencies) = postProject
		{BC7B19D1-85C9-46C0-B866-6CEDEB518E09} = {BC7B19D1-85C9-46C0-B866-6CEDEB518E09}
	EndProjectSection
EndProject
Global
	GlobalSection(SolutionConfigurationPlatforms) = preSolution
		Debug|x64 = Debug|x64
		Release|x64 = Release|x64
	EndGlobalSection
	GlobalSection(ProjectConfigurationPlatforms) = postSolution
		{BC7B19D1-85C9-46C0-B866-6CEDEB518E09}.Debug|x64.ActiveCfg = Debug|x64
		{BC7B19D1-85C9-46C0-B866-6CEDEB518E09}.Debug|x64.Build.0 = Debug|x64
		{BC7B19D1-85C9-46C0-B866-6CEDEB518E09}.Release|x64.ActiveCfg = Release|x64
		{BC7B19D1-85C9-46C0-B866-6CEDEB518E09}.Release|x64.Build.0 = Release|x64
		{FC2F33DC-310D-4BDC-A5A5-B6C97EA04F8F}.Debug|x64.ActiveCfg = Debug|x64
		{FC2F33DC-310D-4BDC-A5A5-B6C97EA04F8F}.Debug|x64.Build.0 = Debug|x64
		{FC2F33DC-310D-4BDC-A5A5-B6C97EA04F8F}.Release|x64.ActiveCfg = Release|x64
		{FC2F33DC-310D-4BDC-A5A5-B6C97EA04F8F}.Release|x64.Build.0 = Release|x64
	EndGlobalSection
	GlobalSection(SolutionProperties) = preSolution
		HideSolutionNode = FALSE
	EndGlobalSection
	GlobalSection(ExtensibilityGlobals) = postSolution
		SolutionGuid = {97B15F51-1FC4-48DA-A43D-C1B292491A85}
	EndGlobalSection
EndGlobal
